
Microsoft Visual Studio Solution File, Format Version 12.00
# Visual Studio Express 14 for Windows Desktop
VisualStudioVersion = 14.0.25420.1
MinimumVisualStudioVersion = 10.0.40219.1
Project("{F184B08F-C81C-45F6-A57F-5ABD9991F28F}") = "utrack", "utrack\utrack.vbproj", "{B276DF3F-1CAB-4235-8F2A-303E5AB262BE}"
EndProject
Global
	GlobalSection(SolutionConfigurationPlatforms) = preSolution
		Debug|Any CPU = Debug|Any CPU
		Release|Any CPU = Release|Any CPU
	EndGlobalSection
	GlobalSection(ProjectConfigurationPlatforms) = postSolution
		{B276DF3F-1CAB-4235-8F2A-303E5AB262BE}.Debug|Any CPU.ActiveCfg = Debug|Any CPU
		{B276DF3F-1CAB-4235-8F2A-303E5AB262BE}.Debug|Any CPU.Build.0 = Debug|Any CPU
		{B276DF3F-1CAB-4235-8F2A-303E5AB262BE}.Release|Any CPU.ActiveCfg = Release|Any CPU
		{B276DF3F-1CAB-4235-8F2A-303E5AB262BE}.Release|Any CPU.Build.0 = Release|Any CPU
	EndGlobalSection
	GlobalSection(SolutionProperties) = preSolution
		HideSolutionNode = FALSE
	EndGlobalSection
EndGlobal
